
Microsoft Visual Studio Solution File, Format Version 12.00
# Visual Studio Version 16
VisualStudioVersion = 16.0.31911.196
MinimumVisualStudioVersion = 10.0.40219.1
Project("{FAE04EC0-301F-11D3-BF4B-00C04F79EFBC}") = "AdventPos", "AdventPos\AdventPos.csproj", "{354C2DCA-2FFC-4BC6-9F2D-B8A8428B2BED}"
EndProject
Global
	GlobalSection(SolutionConfigurationPlatforms) = preSolution
		Debug|Any CPU = Debug|Any CPU
		Release|Any CPU = Release|Any CPU
	EndGlobalSection
	GlobalSection(ProjectConfigurationPlatforms) = postSolution
		{354C2DCA-2FFC-4BC6-9F2D-B8A8428B2BED}.Debug|Any CPU.ActiveCfg = Debug|Any CPU
		{354C2DCA-2FFC-4BC6-9F2D-B8A8428B2BED}.Debug|Any CPU.Build.0 = Debug|Any CPU
		{354C2DCA-2FFC-4BC6-9F2D-B8A8428B2BED}.Release|Any CPU.ActiveCfg = Release|Any CPU
		{354C2DCA-2FFC-4BC6-9F2D-B8A8428B2BED}.Release|Any CPU.Build.0 = Release|Any CPU
	EndGlobalSection
	GlobalSection(SolutionProperties) = preSolution
		HideSolutionNode = FALSE
	EndGlobalSection
	GlobalSection(ExtensibilityGlobals) = postSolution
		SolutionGuid = {F59C416B-81F0-4B2A-999A-B0584A102D5C}
	EndGlobalSection
EndGlobal
